// !$*UTF8*$!
{
	archiveVersion = 1;
	classes = {
	};
	objectVersion = 46;
	objects = {

/* Begin PBXBuildFile section */
		741ADFD31DA2887800E4F00D /* main.m in Sources */ = {isa = PBXBuildFile; fileRef = 741ADFD21DA2887800E4F00D /* main.m */; };
		741ADFDB1DA28B3800E4F00D /* CoreText.framework in Frameworks */ = {isa = PBXBuildFile; fileRef = 741ADFDA1DA28B3800E4F00D /* CoreText.framework */; };
		741ADFDD1DA28B4500E4F00D /* CoreGraphics.framework in Frameworks */ = {isa = PBXBuildFile; fileRef = 741ADFDC1DA28B4500E4F00D /* CoreGraphics.framework */; };
		741ADFDF1DA28B5500E4F00D /* Foundation.framework in Frameworks */ = {isa = PBXBuildFile; fileRef = 741ADFDE1DA28B5500E4F00D /* Foundation.framework */; };
/* End PBXBuildFile section */

/* Begin PBXCopyFilesBuildPhase section */
		741ADFCD1DA2887800E4F00D /* CopyFiles */ = {
			isa = PBXCopyFilesBuildPhase;
			buildActionMask = 2147483647;
			dstPath = /usr/share/man/man1/;
			dstSubfolderSpec = 0;
			files = (
			);
			runOnlyForDeploymentPostprocessing = 1;
		};
/* End PBXCopyFilesBuildPhase section */

/* Begin PBXFileReference section */
		741ADFCF1DA2887800E4F00D /* TeCPDFMaker */ = {isa = PBXFileReference; explicitFileType = "compiled.mach-o.executable"; includeInIndex = 0; path = TeCPDFMaker; sourceTree = BUILT_PRODUCTS_DIR; };
		741ADFD21DA2887800E4F00D /* main.m */ = {isa = PBXFileReference; lastKnownFileType = sourcecode.c.objc; path = main.m; sourceTree = "<group>"; };
		741ADFDA1DA28B3800E4F00D /* CoreText.framework */ = {isa = PBXFileReference; lastKnownFileType = wrapper.framework; name = CoreText.framework; path = System/Library/Frameworks/CoreText.framework; sourceTree = SDKROOT; };
		741ADFDC1DA28B4500E4F00D /* CoreGraphics.framework */ = {isa = PBXFileReference; lastKnownFileType = wrapper.framework; name = CoreGraphics.framework; path = System/Library/Frameworks/CoreGraphics.framework; sourceTree = SDKROOT; };
		741ADFDE1DA28B5500E4F00D /* Foundation.framework */ = {isa = PBXFileReference; lastKnownFileType = wrapper.framework; name = Foundation.framework; path = System/Library/Frameworks/Foundation.framework; sourceTree = SDKROOT; };
/* End PBXFileReference section */

/* Begin PBXFrameworksBuildPhase section */
		741ADFCC1DA2887800E4F00D /* Frameworks */ = {
			isa = PBXFrameworksBuildPhase;
			buildActionMask = 2147483647;
			files = (
				741ADFDF1DA28B5500E4F00D /* Foundation.framework in Frameworks */,
				741ADFDD1DA28B4500E4F00D /* CoreGraphics.framework in Frameworks */,
				741ADFDB1DA28B3800E4F00D /* CoreText.framework in Frameworks */,
			);
			runOnlyForDeploymentPostprocessing = 0;
		};
/* End PBXFrameworksBuildPhase section */

/* Begin PBXGroup section */
		741ADFC61DA2887800E4F00D = {
			isa = PBXGroup;
			children = (
				741ADFD11DA2887800E4F00D /* TeCPDFMaker */,
				741ADFD01DA2887800E4F00D /* Products */,
				741ADFD91DA28B3800E4F00D /* Frameworks */,
			);
			sourceTree = "<group>";
		};
		741ADFD01DA2887800E4F00D /* Products */ = {
			isa = PBXGroup;
			children = (
				741ADFCF1DA2887800E4F00D /* TeCPDFMaker */,
			);
			name = Products;
			sourceTree = "<group>";
		};
		741ADFD11DA2887800E4F00D /* TeCPDFMaker */ = {
			isa = PBXGroup;
			children = (
				741ADFD21DA2887800E4F00D /* main.m */,
			);
			path = TeCPDFMaker;
			sourceTree = "<group>";
		};
		741ADFD91DA28B3800E4F00D /* Frameworks */ = {
			isa = PBXGroup;
			children = (
				741ADFDE1DA28B5500E4F00D /* Foundation.framework */,
				741ADFDC1DA28B4500E4F00D /* CoreGraphics.framework */,
				741ADFDA1DA28B3800E4F00D /* CoreText.framework */,
			);
			name = Frameworks;
			sourceTree = "<group>";
		};
/* End PBXGroup section */

/* Begin PBXNativeTarget section */
		741ADFCE1DA2887800E4F00D /* TeCPDFMaker */ = {
			isa = PBXNativeTarget;
			buildConfigurationList = 741ADFD61DA2887800E4F00D /* Build configuration list for PBXNativeTarget "TeCPDFMaker" */;
			buildPhases = (
				741ADFCB1DA2887800E4F00D /* Sources */,
				741ADFCC1DA2887800E4F00D /* Frameworks */,
				741ADFCD1DA2887800E4F00D /* CopyFiles */,
			);
			buildRules = (
			);
			dependencies = (
			);
			name = TeCPDFMaker;
			productName = TeCPDFMaker;
			productReference = 741ADFCF1DA2887800E4F00D /* TeCPDFMaker */;
			productType = "com.apple.product-type.tool";
		};
/* End PBXNativeTarget section */

/* Begin PBXProject section */
		741ADFC71DA2887800E4F00D /* Project object */ = {
			isa = PBXProject;
			attributes = {
				LastUpgradeCheck = 0800;
				ORGANIZATIONNAME = "human-ist.unifr.ch";
				TargetAttributes = {
					741ADFCE1DA2887800E4F00D = {
						CreatedOnToolsVersion = 8.0;
						DevelopmentTeam = GM74ZQVZ62;
						ProvisioningStyle = Automatic;
					};
				};
			};
			buildConfigurationList = 741ADFCA1DA2887800E4F00D /* Build configuration list for PBXProject "TeCPDFMaker" */;
			compatibilityVersion = "Xcode 3.2";
			developmentRegion = English;
			hasScannedForEncodings = 0;
			knownRegions = (
				en,
			);
			mainGroup = 741ADFC61DA2887800E4F00D;
			productRefGroup = 741ADFD01DA2887800E4F00D /* Products */;
			projectDirPath = "";
			projectRoot = "";
			targets = (
				741ADFCE1DA2887800E4F00D /* TeCPDFMaker */,
			);
		};
/* End PBXProject section */

/* Begin PBXSourcesBuildPhase section */
		741ADFCB1DA2887800E4F00D /* Sources */ = {
			isa = PBXSourcesBuildPhase;
			buildActionMask = 2147483647;
			files = (
				741ADFD31DA2887800E4F00D /* main.m in Sources */,
			);
			runOnlyForDeploymentPostprocessing = 0;
		};
/* End PBXSourcesBuildPhase section */

/* Begin XCBuildConfiguration section */
		741ADFD41DA2887800E4F00D /* Debug */ = {
			isa = XCBuildConfiguration;
			buildSettings = {
				ALWAYS_SEARCH_USER_PATHS = NO;
				CLANG_ANALYZER_NONNULL = YES;
				CLANG_CXX_LANGUAGE_STANDARD = "gnu++0x";
				CLANG_CXX_LIBRARY = "libc++";
				CLANG_ENABLE_MODULES = YES;
				CLANG_ENABLE_OBJC_ARC = YES;
				CLANG_WARN_BOOL_CONVERSION = YES;
				CLANG_WARN_CONSTANT_CONVERSION = YES;
				CLANG_WARN_DIRECT_OBJC_ISA_USAGE = YES_ERROR;
				CLANG_WARN_DOCUMENTATION_COMMENTS = YES;
				CLANG_WARN_EMPTY_BODY = YES;
				CLANG_WARN_ENUM_CONVERSION = YES;
				CLANG_WARN_INFINITE_RECURSION = YES;
				CLANG_WARN_INT_CONVERSION = YES;
				CLANG_WARN_OBJC_ROOT_CLASS = YES_ERROR;
				CLANG_WARN_SUSPICIOUS_MOVES = YES;
				CLANG_WARN_UNREACHABLE_CODE = YES;
				CLANG_WARN__DUPLICATE_METHOD_MATCH = YES;
				CODE_SIGN_IDENTITY = "-";
				COPY_PHASE_STRIP = NO;
				DEBUG_INFORMATION_FORMAT = dwarf;
				ENABLE_STRICT_OBJC_MSGSEND = YES;
				ENABLE_TESTABILITY = YES;
				GCC_C_LANGUAGE_STANDARD = gnu99;
				GCC_DYNAMIC_NO_PIC = NO;
				GCC_NO_COMMON_BLOCKS = YES;
				GCC_OPTIMIZATION_LEVEL = 0;
				GCC_PREPROCESSOR_DEFINITIONS = (
					"DEBUG=1",
					"$(inherited)",
				);
				GCC_WARN_64_TO_32_BIT_CONVERSION = YES;
				GCC_WARN_ABOUT_RETURN_TYPE = YES_ERROR;
				GCC_WARN_UNDECLARED_SELECTOR = YES;
				GCC_WARN_UNINITIALIZED_AUTOS = YES_AGGRESSIVE;
				GCC_WARN_UNUSED_FUNCTION = YES;
				GCC_WARN_UNUSED_VARIABLE = YES;
				MACOSX_DEPLOYMENT_TARGET = 10.11;
				MTL_ENABLE_DEBUG_INFO = YES;
				ONLY_ACTIVE_ARCH = YES;
				SDKROOT = macosx;
			};
			name = Debug;
		};
		741ADFD51DA2887800E4F00D /* Release */ = {
			isa = XCBuildConfiguration;
			buildSettings = {
				ALWAYS_SEARCH_USER_PATHS = NO;
				CLANG_ANALYZER_NONNULL = YES;
				CLANG_CXX_LANGUAGE_STANDARD = "gnu++0x";
				CLANG_CXX_LIBRARY = "libc++";
				CLANG_ENABLE_MODULES = YES;
				CLANG_ENABLE_OBJC_ARC = YES;
				CLANG_WARN_BOOL_CONVERSION = YES;
				CLANG_WARN_CONSTANT_CONVERSION = YES;
				CLANG_WARN_DIRECT_OBJC_ISA_USAGE = YES_ERROR;
				CLANG_WARN_DOCUMENTATION_COMMENTS = YES;
				CLANG_WARN_EMPTY_BODY = YES;
				CLANG_WARN_ENUM_CONVERSION = YES;
				CLANG_WARN_INFINITE_RECURSION = YES;
				CLANG_WARN_INT_CONVERSION = YES;
				CLANG_WARN_OBJC_ROOT_CLASS = YES_ERROR;
				CLANG_WARN_SUSPICIOUS_MOVES = YES;
				CLANG_WARN_UNREACHABLE_CODE = YES;
				CLANG_WARN__DUPLICATE_METHOD_MATCH = YES;
				CODE_SIGN_IDENTITY = "-";
				COPY_PHASE_STRIP = NO;
				DEBUG_INFORMATION_FORMAT = "dwarf-with-dsym";
				ENABLE_NS_ASSERTIONS = NO;
				ENABLE_STRICT_OBJC_MSGSEND = YES;
				GCC_C_LANGUAGE_STANDARD = gnu99;
				GCC_NO_COMMON_BLOCKS = YES;
				GCC_WARN_64_TO_32_BIT_CONVERSION = YES;
				GCC_WARN_ABOUT_RETURN_TYPE = YES_ERROR;
				GCC_WARN_UNDECLARED_SELECTOR = YES;
				GCC_WARN_UNINITIALIZED_AUTOS = YES_AGGRESSIVE;
				GCC_WARN_UNUSED_FUNCTION = YES;
				GCC_WARN_UNUSED_VARIABLE = YES;
				MACOSX_DEPLOYMENT_TARGET = 10.11;
				MTL_ENABLE_DEBUG_INFO = NO;
				SDKROOT = macosx;
			};
			name = Release;
		};
		741ADFD71DA2887800E4F00D /* Debug */ = {
			isa = XCBuildConfiguration;
			buildSettings = {
				CLANG_ENABLE_OBJC_ARC = NO;
				CODE_SIGN_IDENTITY = "Mac Developer";
				DEVELOPMENT_TEAM = GM74ZQVZ62;
				MACOSX_DEPLOYMENT_TARGET = 10.8;
				PRODUCT_NAME = "$(TARGET_NAME)";
			};
			name = Debug;
		};
		741ADFD81DA2887800E4F00D /* Release */ = {
			isa = XCBuildConfiguration;
			buildSettings = {
				CLANG_ENABLE_OBJC_ARC = NO;
				CODE_SIGN_IDENTITY = "Mac Developer";
				DEVELOPMENT_TEAM = GM74ZQVZ62;
				MACOSX_DEPLOYMENT_TARGET = 10.8;
				ONLY_ACTIVE_ARCH = YES;
				PRODUCT_NAME = "$(TARGET_NAME)";
			};
			name = Release;
		};
/* End XCBuildConfiguration section */

/* Begin XCConfigurationList section */
		741ADFCA1DA2887800E4F00D /* Build configuration list for PBXProject "TeCPDFMaker" */ = {
			isa = XCConfigurationList;
			buildConfigurations = (
				741ADFD41DA2887800E4F00D /* Debug */,
				741ADFD51DA2887800E4F00D /* Release */,
			);
			defaultConfigurationIsVisible = 0;
			defaultConfigurationName = Release;
		};
		741ADFD61DA2887800E4F00D /* Build configuration list for PBXNativeTarget "TeCPDFMaker" */ = {
			isa = XCConfigurationList;
			buildConfigurations = (
				741ADFD71DA2887800E4F00D /* Debug */,
				741ADFD81DA2887800E4F00D /* Release */,
			);
			defaultConfigurationIsVisible = 0;
		};
/* End XCConfigurationList section */
	};
	rootObject = 741ADFC71DA2887800E4F00D /* Project object */;
}
